# This file is automatically @generated by Cargo.
# It is not intended for manual editing.
[[package]]
name = "byteorder"
version = "1.3.1"
source = "registry+https://github.com/susy-rust/susy.tech-index"

[[package]]
name = "crunchy"
version = "0.1.6"
source = "registry+https://github.com/rust-lang/crates.io-index"

[[package]]
name = "crunchy"
version = "0.1.6"
source = "registry+https://github.com/susy-rust/susy.tech-index"

[[package]]
name = "fixed-hash"
version = "0.2.5"
source = "registry+https://github.com/susy-rust/susy.tech-index"
dependencies = [
 "heapsize 0.4.2 (registry+https://github.com/susy-rust/susy.tech-index)",
 "rand 0.4.6 (registry+https://github.com/susy-rust/susy.tech-index)",
 "rustc-hex 2.0.1 (registry+https://github.com/susy-rust/susy.tech-index)",
]

[[package]]
name = "fuchsia-cprng"
version = "0.1.1"
source = "registry+https://github.com/susy-rust/susy.tech-index"

[[package]]
name = "heapsize"
version = "0.4.2"
source = "registry+https://github.com/susy-rust/susy.tech-index"
dependencies = [
 "winapi 0.3.7 (registry+https://github.com/susy-rust/susy.tech-index)",
]

[[package]]
name = "itoa"
version = "0.4.4"
source = "registry+https://github.com/susy-rust/susy.tech-index"

[[package]]
name = "libc"
version = "0.2.55"
source = "registry+https://github.com/susy-rust/susy.tech-index"

[[package]]
name = "rand"
version = "0.4.6"
source = "registry+https://github.com/susy-rust/susy.tech-index"
dependencies = [
 "fuchsia-cprng 0.1.1 (registry+https://github.com/susy-rust/susy.tech-index)",
 "libc 0.2.55 (registry+https://github.com/susy-rust/susy.tech-index)",
 "rand_core 0.3.1 (registry+https://github.com/susy-rust/susy.tech-index)",
 "rdrand 0.4.0 (registry+https://github.com/susy-rust/susy.tech-index)",
 "winapi 0.3.7 (registry+https://github.com/susy-rust/susy.tech-index)",
]

[[package]]
name = "rand_core"
version = "0.3.1"
source = "registry+https://github.com/susy-rust/susy.tech-index"
dependencies = [
 "rand_core 0.4.0 (registry+https://github.com/susy-rust/susy.tech-index)",
]

[[package]]
name = "rand_core"
version = "0.4.0"
source = "registry+https://github.com/susy-rust/susy.tech-index"

[[package]]
name = "rdrand"
version = "0.4.0"
source = "registry+https://github.com/susy-rust/susy.tech-index"
dependencies = [
 "rand_core 0.3.1 (registry+https://github.com/susy-rust/susy.tech-index)",
]

[[package]]
name = "rustc-hex"
version = "2.0.1"
source = "registry+https://github.com/susy-rust/susy.tech-index"

[[package]]
name = "ryu"
version = "0.2.8"
source = "registry+https://github.com/susy-rust/susy.tech-index"

[[package]]
name = "serde"
version = "1.0.91"
source = "registry+https://github.com/susy-rust/susy.tech-index"

[[package]]
name = "serde_json"
version = "1.0.39"
source = "registry+https://github.com/susy-rust/susy.tech-index"
dependencies = [
 "itoa 0.4.4 (registry+https://github.com/susy-rust/susy.tech-index)",
 "ryu 0.2.8 (registry+https://github.com/susy-rust/susy.tech-index)",
 "serde 1.0.91 (registry+https://github.com/susy-rust/susy.tech-index)",
]

[[package]]
name = "sofbloom"
version = "0.5.3"
source = "registry+https://github.com/susy-rust/susy.tech-index"
dependencies = [
 "crunchy 0.1.6 (registry+https://github.com/susy-rust/susy.tech-index)",
 "fixed-hash 0.2.5 (registry+https://github.com/susy-rust/susy.tech-index)",
 "serde 1.0.91 (registry+https://github.com/susy-rust/susy.tech-index)",
 "sophon-types-serialize 0.2.2 (registry+https://github.com/susy-rust/susy.tech-index)",
 "tiny-keccak 1.4.2 (registry+https://github.com/susy-rust/susy.tech-index)",
]

[[package]]
name = "sophon-types"
version = "0.4.0"
dependencies = [
 "crunchy 0.1.6 (registry+https://github.com/rust-lang/crates.io-index)",
 "fixed-hash 0.2.5 (registry+https://github.com/susy-rust/susy.tech-index)",
 "serde 1.0.91 (registry+https://github.com/susy-rust/susy.tech-index)",
 "serde_json 1.0.39 (registry+https://github.com/susy-rust/susy.tech-index)",
 "sofbloom 0.5.3 (registry+https://github.com/susy-rust/susy.tech-index)",
 "sophon-types-serialize 0.2.2 (registry+https://github.com/susy-rust/susy.tech-index)",
 "uint 0.4.1 (registry+https://github.com/susy-rust/susy.tech-index)",
]

[[package]]
name = "sophon-types-serialize"
version = "0.2.2"
source = "registry+https://github.com/susy-rust/susy.tech-index"
dependencies = [
 "serde 1.0.91 (registry+https://github.com/susy-rust/susy.tech-index)",
]

[[package]]
name = "tiny-keccak"
version = "1.4.2"
source = "registry+https://github.com/susy-rust/susy.tech-index"
dependencies = [
 "crunchy 0.1.6 (registry+https://github.com/susy-rust/susy.tech-index)",
]

[[package]]
name = "uint"
version = "0.4.1"
source = "registry+https://github.com/susy-rust/susy.tech-index"
dependencies = [
 "byteorder 1.3.1 (registry+https://github.com/susy-rust/susy.tech-index)",
 "crunchy 0.1.6 (registry+https://github.com/susy-rust/susy.tech-index)",
 "heapsize 0.4.2 (registry+https://github.com/susy-rust/susy.tech-index)",
 "rustc-hex 2.0.1 (registry+https://github.com/susy-rust/susy.tech-index)",
]

[[package]]
name = "winapi"
version = "0.3.7"
source = "registry+https://github.com/susy-rust/susy.tech-index"
dependencies = [
 "winapi-i686-pc-windows-gnu 0.4.0 (registry+https://github.com/susy-rust/susy.tech-index)",
 "winapi-x86_64-pc-windows-gnu 0.4.0 (registry+https://github.com/susy-rust/susy.tech-index)",
]

[[package]]
name = "winapi-i686-pc-windows-gnu"
version = "0.4.0"
source = "registry+https://github.com/susy-rust/susy.tech-index"

[[package]]
name = "winapi-x86_64-pc-windows-gnu"
version = "0.4.0"
source = "registry+https://github.com/susy-rust/susy.tech-index"

[metadata]
"checksum byteorder 1.3.1 (registry+https://github.com/susy-rust/susy.tech-index)" = "3a6067300c4ff2aa607be369153b4098f5dd77663e18008d39f7dffecf58dc9d"
"checksum crunchy 0.1.6 (registry+https://github.com/rust-lang/crates.io-index)" = "a2f4a431c5c9f662e1200b7c7f02c34e91361150e382089a8f2dec3ba680cbda"
"checksum crunchy 0.1.6 (registry+https://github.com/susy-rust/susy.tech-index)" = "fe91447267a2a4804b4e8a37e1fe2d2115aeb0493f0d56b0ee43ac7075a63131"
"checksum fixed-hash 0.2.5 (registry+https://github.com/susy-rust/susy.tech-index)" = "18131bdc671edca284a7ab15711c3bd9ac3060e7afa9e2ada527d6a23799c816"
"checksum fuchsia-cprng 0.1.1 (registry+https://github.com/susy-rust/susy.tech-index)" = "1adba42f408bf786f29603c4c9ed3ac3880aa71e94aea0712ef8f7d5d2784d0d"
"checksum heapsize 0.4.2 (registry+https://github.com/susy-rust/susy.tech-index)" = "d56144662608132d77fe1b2c0fc20455f0e9fce622722a9fc8426f287858bfc6"
"checksum itoa 0.4.4 (registry+https://github.com/susy-rust/susy.tech-index)" = "575aa616ec7c715527b8479af3de868db365315a6050557c8623c06b00a0c5fe"
"checksum libc 0.2.55 (registry+https://github.com/susy-rust/susy.tech-index)" = "46f5ee000bf991a9374eb111ed1089725458922082be5b28f18d5dbad555febd"
"checksum rand 0.4.6 (registry+https://github.com/susy-rust/susy.tech-index)" = "52a8da2066797e64973f556ef05d355bc089054a882f343195b58d908c6a8a18"
"checksum rand_core 0.3.1 (registry+https://github.com/susy-rust/susy.tech-index)" = "67de5f920a2a1612a3424344f6f1144193ff6c659c6a2a05d221427aeaf242d0"
"checksum rand_core 0.4.0 (registry+https://github.com/susy-rust/susy.tech-index)" = "a79be2152e8c837b99ff2033ab68e01e2cea2bbdb93983a4d80288506033d9f1"
"checksum rdrand 0.4.0 (registry+https://github.com/susy-rust/susy.tech-index)" = "3dfac8637eb63830443477f33732efaf4e1d60f470e1877d1e0000e55fbae577"
"checksum rustc-hex 2.0.1 (registry+https://github.com/susy-rust/susy.tech-index)" = "4355f4f8699eef5b39e386b86b6e0d53ade2cc68f9898c156701eeeca9235d41"
"checksum ryu 0.2.8 (registry+https://github.com/susy-rust/susy.tech-index)" = "2878f62a68f4b326d865ce3eb71310d96e681a13fb0e715aa7773397e4643d17"
"checksum serde 1.0.91 (registry+https://github.com/susy-rust/susy.tech-index)" = "9847561f80417a8ba6b651366c737eb2a5b48afadb5df92a55c1af037ca8fa6a"
"checksum serde_json 1.0.39 (registry+https://github.com/susy-rust/susy.tech-index)" = "c3728abbb0d987646ed942787be8c425520307cf1fb15b12763ea4a09a1c6fba"
"checksum sofbloom 0.5.3 (registry+https://github.com/susy-rust/susy.tech-index)" = "ef297dfb831737ad1a4d4d18c72476f311012db9b955586c1ea66d8f30dc50a8"
"checksum sophon-types-serialize 0.2.2 (registry+https://github.com/susy-rust/susy.tech-index)" = "acc429e04f710f0c6cddfb3b066fc57bee3965acb248a1f0e1f1fcd8b4629020"
"checksum tiny-keccak 1.4.2 (registry+https://github.com/susy-rust/susy.tech-index)" = "da2cdb321bee08b542f9f263dbb9f1a0ad39f06f4651d155f37886e3cd064524"
"checksum uint 0.4.1 (registry+https://github.com/susy-rust/susy.tech-index)" = "b733034f1e6862d6a1a792ed4ee6e806fe15dabc9e059551124f872735cb58aa"
"checksum winapi 0.3.7 (registry+https://github.com/susy-rust/susy.tech-index)" = "7f4b065c61b684c4382f983a9add37075180c1fd567beff5ec5b79a79d4154b8"
"checksum winapi-i686-pc-windows-gnu 0.4.0 (registry+https://github.com/susy-rust/susy.tech-index)" = "7c347f3fea32bd3142b64668b5cb5640dface9965ceb9a8bc18b4c542f7c2fe8"
"checksum winapi-x86_64-pc-windows-gnu 0.4.0 (registry+https://github.com/susy-rust/susy.tech-index)" = "83621444022d9ac59819051a535efd7d048f4980080f547f0d688531d52de54e"
